// !$*UTF8*$!
{
	archiveVersion = 1;
	classes = {
	};
	objectVersion = 46;
	objects = {

/* Begin PBXBuildFile section */
		315555871E81F531004EF0B9 /* AppDelegate.swift in Sources */ = {isa = PBXBuildFile; fileRef = 315555861E81F531004EF0B9 /* AppDelegate.swift */; };
		315555891E81F531004EF0B9 /* ViewController.swift in Sources */ = {isa = PBXBuildFile; fileRef = 315555881E81F531004EF0B9 /* ViewController.swift */; };
		3155558C1E81F531004EF0B9 /* Main.storyboard in Resources */ = {isa = PBXBuildFile; fileRef = 3155558A1E81F531004EF0B9 /* Main.storyboard */; };
		3155558E1E81F531004EF0B9 /* Assets.xcassets in Resources */ = {isa = PBXBuildFile; fileRef = 3155558D1E81F531004EF0B9 /* Assets.xcassets */; };
		315555911E81F531004EF0B9 /* LaunchScreen.storyboard in Resources */ = {isa = PBXBuildFile; fileRef = 3155558F1E81F531004EF0B9 /* LaunchScreen.storyboard */; };
		3155559C1E81F532004EF0B9 /* DPRKViewTests.swift in Sources */ = {isa = PBXBuildFile; fileRef = 3155559B1E81F532004EF0B9 /* DPRKViewTests.swift */; };
		315555A71E81F532004EF0B9 /* DPRKViewUITests.swift in Sources */ = {isa = PBXBuildFile; fileRef = 315555A61E81F532004EF0B9 /* DPRKViewUITests.swift */; };
		315555B51E81F544004EF0B9 /* DPRKView.swift in Sources */ = {isa = PBXBuildFile; fileRef = 315555B41E81F544004EF0B9 /* DPRKView.swift */; };
/* End PBXBuildFile section */

/* Begin PBXContainerItemProxy section */
		315555981E81F532004EF0B9 /* PBXContainerItemProxy */ = {
			isa = PBXContainerItemProxy;
			containerPortal = 3155557B1E81F531004EF0B9 /* Project object */;
			proxyType = 1;
			remoteGlobalIDString = 315555821E81F531004EF0B9;
			remoteInfo = DPRKView;
		};
		315555A31E81F532004EF0B9 /* PBXContainerItemProxy */ = {
			isa = PBXContainerItemProxy;
			containerPortal = 3155557B1E81F531004EF0B9 /* Project object */;
			proxyType = 1;
			remoteGlobalIDString = 315555821E81F531004EF0B9;
			remoteInfo = DPRKView;
		};
/* End PBXContainerItemProxy section */

/* Begin PBXFileReference section */
		315555831E81F531004EF0B9 /* DPRKView.app */ = {isa = PBXFileReference; explicitFileType = wrapper.application; includeInIndex = 0; path = DPRKView.app; sourceTree = BUILT_PRODUCTS_DIR; };
		315555861E81F531004EF0B9 /* AppDelegate.swift */ = {isa = PBXFileReference; lastKnownFileType = sourcecode.swift; path = AppDelegate.swift; sourceTree = "<group>"; };
		315555881E81F531004EF0B9 /* ViewController.swift */ = {isa = PBXFileReference; lastKnownFileType = sourcecode.swift; path = ViewController.swift; sourceTree = "<group>"; };
		3155558B1E81F531004EF0B9 /* Base */ = {isa = PBXFileReference; lastKnownFileType = file.storyboard; name = Base; path = Base.lproj/Main.storyboard; sourceTree = "<group>"; };
		3155558D1E81F531004EF0B9 /* Assets.xcassets */ = {isa = PBXFileReference; lastKnownFileType = folder.assetcatalog; path = Assets.xcassets; sourceTree = "<group>"; };
		315555901E81F531004EF0B9 /* Base */ = {isa = PBXFileReference; lastKnownFileType = file.storyboard; name = Base; path = Base.lproj/LaunchScreen.storyboard; sourceTree = "<group>"; };
		315555921E81F531004EF0B9 /* Info.plist */ = {isa = PBXFileReference; lastKnownFileType = text.plist.xml; path = Info.plist; sourceTree = "<group>"; };
		315555971E81F532004EF0B9 /* DPRKViewTests.xctest */ = {isa = PBXFileReference; explicitFileType = wrapper.cfbundle; includeInIndex = 0; path = DPRKViewTests.xctest; sourceTree = BUILT_PRODUCTS_DIR; };
		3155559B1E81F532004EF0B9 /* DPRKViewTests.swift */ = {isa = PBXFileReference; lastKnownFileType = sourcecode.swift; path = DPRKViewTests.swift; sourceTree = "<group>"; };
		3155559D1E81F532004EF0B9 /* Info.plist */ = {isa = PBXFileReference; lastKnownFileType = text.plist.xml; path = Info.plist; sourceTree = "<group>"; };
		315555A21E81F532004EF0B9 /* DPRKViewUITests.xctest */ = {isa = PBXFileReference; explicitFileType = wrapper.cfbundle; includeInIndex = 0; path = DPRKViewUITests.xctest; sourceTree = BUILT_PRODUCTS_DIR; };
		315555A61E81F532004EF0B9 /* DPRKViewUITests.swift */ = {isa = PBXFileReference; lastKnownFileType = sourcecode.swift; path = DPRKViewUITests.swift; sourceTree = "<group>"; };
		315555A81E81F532004EF0B9 /* Info.plist */ = {isa = PBXFileReference; lastKnownFileType = text.plist.xml; path = Info.plist; sourceTree = "<group>"; };
		315555B41E81F544004EF0B9 /* DPRKView.swift */ = {isa = PBXFileReference; fileEncoding = 4; lastKnownFileType = sourcecode.swift; path = DPRKView.swift; sourceTree = "<group>"; };
/* End PBXFileReference section */

/* Begin PBXFrameworksBuildPhase section */
		315555801E81F531004EF0B9 /* Frameworks */ = {
			isa = PBXFrameworksBuildPhase;
			buildActionMask = 2147483647;
			files = (
			);
			runOnlyForDeploymentPostprocessing = 0;
		};
		315555941E81F532004EF0B9 /* Frameworks */ = {
			isa = PBXFrameworksBuildPhase;
			buildActionMask = 2147483647;
			files = (
			);
			runOnlyForDeploymentPostprocessing = 0;
		};
		3155559F1E81F532004EF0B9 /* Frameworks */ = {
			isa = PBXFrameworksBuildPhase;
			buildActionMask = 2147483647;
			files = (
			);
			runOnlyForDeploymentPostprocessing = 0;
		};
/* End PBXFrameworksBuildPhase section */

/* Begin PBXGroup section */
		3155557A1E81F531004EF0B9 = {
			isa = PBXGroup;
			children = (
				315555851E81F531004EF0B9 /* DPRKView */,
				3155559A1E81F532004EF0B9 /* DPRKViewTests */,
				315555A51E81F532004EF0B9 /* DPRKViewUITests */,
				315555841E81F531004EF0B9 /* Products */,
			);
			sourceTree = "<group>";
		};
		315555841E81F531004EF0B9 /* Products */ = {
			isa = PBXGroup;
			children = (
				315555831E81F531004EF0B9 /* DPRKView.app */,
				315555971E81F532004EF0B9 /* DPRKViewTests.xctest */,
				315555A21E81F532004EF0B9 /* DPRKViewUITests.xctest */,
			);
			name = Products;
			sourceTree = "<group>";
		};
		315555851E81F531004EF0B9 /* DPRKView */ = {
			isa = PBXGroup;
			children = (
				315555861E81F531004EF0B9 /* AppDelegate.swift */,
				315555881E81F531004EF0B9 /* ViewController.swift */,
				3155558A1E81F531004EF0B9 /* Main.storyboard */,
				3155558D1E81F531004EF0B9 /* Assets.xcassets */,
				3155558F1E81F531004EF0B9 /* LaunchScreen.storyboard */,
				315555921E81F531004EF0B9 /* Info.plist */,
				315555B41E81F544004EF0B9 /* DPRKView.swift */,
			);
			path = DPRKView;
			sourceTree = "<group>";
		};
		3155559A1E81F532004EF0B9 /* DPRKViewTests */ = {
			isa = PBXGroup;
			children = (
				3155559B1E81F532004EF0B9 /* DPRKViewTests.swift */,
				3155559D1E81F532004EF0B9 /* Info.plist */,
			);
			path = DPRKViewTests;
			sourceTree = "<group>";
		};
		315555A51E81F532004EF0B9 /* DPRKViewUITests */ = {
			isa = PBXGroup;
			children = (
				315555A61E81F532004EF0B9 /* DPRKViewUITests.swift */,
				315555A81E81F532004EF0B9 /* Info.plist */,
			);
			path = DPRKViewUITests;
			sourceTree = "<group>";
		};
/* End PBXGroup section */

/* Begin PBXNativeTarget section */
		315555821E81F531004EF0B9 /* DPRKView */ = {
			isa = PBXNativeTarget;
			buildConfigurationList = 315555AB1E81F532004EF0B9 /* Build configuration list for PBXNativeTarget "DPRKView" */;
			buildPhases = (
				3155557F1E81F531004EF0B9 /* Sources */,
				315555801E81F531004EF0B9 /* Frameworks */,
				315555811E81F531004EF0B9 /* Resources */,
			);
			buildRules = (
			);
			dependencies = (
			);
			name = DPRKView;
			productName = DPRKView;
			productReference = 315555831E81F531004EF0B9 /* DPRKView.app */;
			productType = "com.apple.product-type.application";
		};
		315555961E81F532004EF0B9 /* DPRKViewTests */ = {
			isa = PBXNativeTarget;
			buildConfigurationList = 315555AE1E81F532004EF0B9 /* Build configuration list for PBXNativeTarget "DPRKViewTests" */;
			buildPhases = (
				315555931E81F532004EF0B9 /* Sources */,
				315555941E81F532004EF0B9 /* Frameworks */,
				315555951E81F532004EF0B9 /* Resources */,
			);
			buildRules = (
			);
			dependencies = (
				315555991E81F532004EF0B9 /* PBXTargetDependency */,
			);
			name = DPRKViewTests;
			productName = DPRKViewTests;
			productReference = 315555971E81F532004EF0B9 /* DPRKViewTests.xctest */;
			productType = "com.apple.product-type.bundle.unit-test";
		};
		315555A11E81F532004EF0B9 /* DPRKViewUITests */ = {
			isa = PBXNativeTarget;
			buildConfigurationList = 315555B11E81F532004EF0B9 /* Build configuration list for PBXNativeTarget "DPRKViewUITests" */;
			buildPhases = (
				3155559E1E81F532004EF0B9 /* Sources */,
				3155559F1E81F532004EF0B9 /* Frameworks */,
				315555A01E81F532004EF0B9 /* Resources */,
			);
			buildRules = (
			);
			dependencies = (
				315555A41E81F532004EF0B9 /* PBXTargetDependency */,
			);
			name = DPRKViewUITests;
			productName = DPRKViewUITests;
			productReference = 315555A21E81F532004EF0B9 /* DPRKViewUITests.xctest */;
			productType = "com.apple.product-type.bundle.ui-testing";
		};
/* End PBXNativeTarget section */

/* Begin PBXProject section */
		3155557B1E81F531004EF0B9 /* Project object */ = {
			isa = PBXProject;
			attributes = {
				LastSwiftUpdateCheck = 0820;
				LastUpgradeCheck = 0820;
				ORGANIZATIONNAME = "Shalom Friss";
				TargetAttributes = {
					315555821E81F531004EF0B9 = {
						CreatedOnToolsVersion = 8.2.1;
						ProvisioningStyle = Automatic;
					};
					315555961E81F532004EF0B9 = {
						CreatedOnToolsVersion = 8.2.1;
						ProvisioningStyle = Automatic;
						TestTargetID = 315555821E81F531004EF0B9;
					};
					315555A11E81F532004EF0B9 = {
						CreatedOnToolsVersion = 8.2.1;
						ProvisioningStyle = Automatic;
						TestTargetID = 315555821E81F531004EF0B9;
					};
				};
			};
			buildConfigurationList = 3155557E1E81F531004EF0B9 /* Build configuration list for PBXProject "DPRKView" */;
			compatibilityVersion = "Xcode 3.2";
			developmentRegion = English;
			hasScannedForEncodings = 0;
			knownRegions = (
				en,
				Base,
			);
			mainGroup = 3155557A1E81F531004EF0B9;
			productRefGroup = 315555841E81F531004EF0B9 /* Products */;
			projectDirPath = "";
			projectRoot = "";
			targets = (
				315555821E81F531004EF0B9 /* DPRKView */,
				315555961E81F532004EF0B9 /* DPRKViewTests */,
				315555A11E81F532004EF0B9 /* DPRKViewUITests */,
			);
		};
/* End PBXProject section */

/* Begin PBXResourcesBuildPhase section */
		315555811E81F531004EF0B9 /* Resources */ = {
			isa = PBXResourcesBuildPhase;
			buildActionMask = 2147483647;
			files = (
				315555911E81F531004EF0B9 /* LaunchScreen.storyboard in Resources */,
				3155558E1E81F531004EF0B9 /* Assets.xcassets in Resources */,
				3155558C1E81F531004EF0B9 /* Main.storyboard in Resources */,
			);
			runOnlyForDeploymentPostprocessing = 0;
		};
		315555951E81F532004EF0B9 /* Resources */ = {
			isa = PBXResourcesBuildPhase;
			buildActionMask = 2147483647;
			files = (
			);
			runOnlyForDeploymentPostprocessing = 0;
		};
		315555A01E81F532004EF0B9 /* Resources */ = {
			isa = PBXResourcesBuildPhase;
			buildActionMask = 2147483647;
			files = (
			);
			runOnlyForDeploymentPostprocessing = 0;
		};
/* End PBXResourcesBuildPhase section */

/* Begin PBXSourcesBuildPhase section */
		3155557F1E81F531004EF0B9 /* Sources */ = {
			isa = PBXSourcesBuildPhase;
			buildActionMask = 2147483647;
			files = (
				315555B51E81F544004EF0B9 /* DPRKView.swift in Sources */,
				315555891E81F531004EF0B9 /* ViewController.swift in Sources */,
				315555871E81F531004EF0B9 /* AppDelegate.swift in Sources */,
			);
			runOnlyForDeploymentPostprocessing = 0;
		};
		315555931E81F532004EF0B9 /* Sources */ = {
			isa = PBXSourcesBuildPhase;
			buildActionMask = 2147483647;
			files = (
				3155559C1E81F532004EF0B9 /* DPRKViewTests.swift in Sources */,
			);
			runOnlyForDeploymentPostprocessing = 0;
		};
		3155559E1E81F532004EF0B9 /* Sources */ = {
			isa = PBXSourcesBuildPhase;
			buildActionMask = 2147483647;
			files = (
				315555A71E81F532004EF0B9 /* DPRKViewUITests.swift in Sources */,
			);
			runOnlyForDeploymentPostprocessing = 0;
		};
/* End PBXSourcesBuildPhase section */

/* Begin PBXTargetDependency section */
		315555991E81F532004EF0B9 /* PBXTargetDependency */ = {
			isa = PBXTargetDependency;
			target = 315555821E81F531004EF0B9 /* DPRKView */;
			targetProxy = 315555981E81F532004EF0B9 /* PBXContainerItemProxy */;
		};
		315555A41E81F532004EF0B9 /* PBXTargetDependency */ = {
			isa = PBXTargetDependency;
			target = 315555821E81F531004EF0B9 /* DPRKView */;
			targetProxy = 315555A31E81F532004EF0B9 /* PBXContainerItemProxy */;
		};
/* End PBXTargetDependency section */

/* Begin PBXVariantGroup section */
		3155558A1E81F531004EF0B9 /* Main.storyboard */ = {
			isa = PBXVariantGroup;
			children = (
				3155558B1E81F531004EF0B9 /* Base */,
			);
			name = Main.storyboard;
			sourceTree = "<group>";
		};
		3155558F1E81F531004EF0B9 /* LaunchScreen.storyboard */ = {
			isa = PBXVariantGroup;
			children = (
				315555901E81F531004EF0B9 /* Base */,
			);
			name = LaunchScreen.storyboard;
			sourceTree = "<group>";
		};
/* End PBXVariantGroup section */

/* Begin XCBuildConfiguration section */
		315555A91E81F532004EF0B9 /* Debug */ = {
			isa = XCBuildConfiguration;
			buildSettings = {
				ALWAYS_SEARCH_USER_PATHS = NO;
				CLANG_ANALYZER_NONNULL = YES;
				CLANG_CXX_LANGUAGE_STANDARD = "gnu++0x";
				CLANG_CXX_LIBRARY = "libc++";
				CLANG_ENABLE_MODULES = YES;
				CLANG_ENABLE_OBJC_ARC = YES;
				CLANG_WARN_BOOL_CONVERSION = YES;
				CLANG_WARN_CONSTANT_CONVERSION = YES;
				CLANG_WARN_DIRECT_OBJC_ISA_USAGE = YES_ERROR;
				CLANG_WARN_DOCUMENTATION_COMMENTS = YES;
				CLANG_WARN_EMPTY_BODY = YES;
				CLANG_WARN_ENUM_CONVERSION = YES;
				CLANG_WARN_INFINITE_RECURSION = YES;
				CLANG_WARN_INT_CONVERSION = YES;
				CLANG_WARN_OBJC_ROOT_CLASS = YES_ERROR;
				CLANG_WARN_SUSPICIOUS_MOVE = YES;
				CLANG_WARN_UNREACHABLE_CODE = YES;
				CLANG_WARN__DUPLICATE_METHOD_MATCH = YES;
				"CODE_SIGN_IDENTITY[sdk=iphoneos*]" = "iPhone Developer";
				COPY_PHASE_STRIP = NO;
				DEBUG_INFORMATION_FORMAT = dwarf;
				ENABLE_STRICT_OBJC_MSGSEND = YES;
				ENABLE_TESTABILITY = YES;
				GCC_C_LANGUAGE_STANDARD = gnu99;
				GCC_DYNAMIC_NO_PIC = NO;
				GCC_NO_COMMON_BLOCKS = YES;
				GCC_OPTIMIZATION_LEVEL = 0;
				GCC_PREPROCESSOR_DEFINITIONS = (
					"DEBUG=1",
					"$(inherited)",
				);
				GCC_WARN_64_TO_32_BIT_CONVERSION = YES;
				GCC_WARN_ABOUT_RETURN_TYPE = YES_ERROR;
				GCC_WARN_UNDECLARED_SELECTOR = YES;
				GCC_WARN_UNINITIALIZED_AUTOS = YES_AGGRESSIVE;
				GCC_WARN_UNUSED_FUNCTION = YES;
				GCC_WARN_UNUSED_VARIABLE = YES;
				IPHONEOS_DEPLOYMENT_TARGET = 10.2;
				MTL_ENABLE_DEBUG_INFO = YES;
				ONLY_ACTIVE_ARCH = YES;
				SDKROOT = iphoneos;
				SWIFT_ACTIVE_COMPILATION_CONDITIONS = DEBUG;
				SWIFT_OPTIMIZATION_LEVEL = "-Onone";
				TARGETED_DEVICE_FAMILY = "1,2";
			};
			name = Debug;
		};
		315555AA1E81F532004EF0B9 /* Release */ = {
			isa = XCBuildConfiguration;
			buildSettings = {
				ALWAYS_SEARCH_USER_PATHS = NO;
				CLANG_ANALYZER_NONNULL = YES;
				CLANG_CXX_LANGUAGE_STANDARD = "gnu++0x";
				CLANG_CXX_LIBRARY = "libc++";
				CLANG_ENABLE_MODULES = YES;
				CLANG_ENABLE_OBJC_ARC = YES;
				CLANG_WARN_BOOL_CONVERSION = YES;
				CLANG_WARN_CONSTANT_CONVERSION = YES;
				CLANG_WARN_DIRECT_OBJC_ISA_USAGE = YES_ERROR;
				CLANG_WARN_DOCUMENTATION_COMMENTS = YES;
				CLANG_WARN_EMPTY_BODY = YES;
				CLANG_WARN_ENUM_CONVERSION = YES;
				CLANG_WARN_INFINITE_RECURSION = YES;
				CLANG_WARN_INT_CONVERSION = YES;
				CLANG_WARN_OBJC_ROOT_CLASS = YES_ERROR;
				CLANG_WARN_SUSPICIOUS_MOVE = YES;
				CLANG_WARN_UNREACHABLE_CODE = YES;
				CLANG_WARN__DUPLICATE_METHOD_MATCH = YES;
				"CODE_SIGN_IDENTITY[sdk=iphoneos*]" = "iPhone Developer";
				COPY_PHASE_STRIP = NO;
				DEBUG_INFORMATION_FORMAT = "dwarf-with-dsym";
				ENABLE_NS_ASSERTIONS = NO;
				ENABLE_STRICT_OBJC_MSGSEND = YES;
				GCC_C_LANGUAGE_STANDARD = gnu99;
				GCC_NO_COMMON_BLOCKS = YES;
				GCC_WARN_64_TO_32_BIT_CONVERSION = YES;
				GCC_WARN_ABOUT_RETURN_TYPE = YES_ERROR;
				GCC_WARN_UNDECLARED_SELECTOR = YES;
				GCC_WARN_UNINITIALIZED_AUTOS = YES_AGGRESSIVE;
				GCC_WARN_UNUSED_FUNCTION = YES;
				GCC_WARN_UNUSED_VARIABLE = YES;
				IPHONEOS_DEPLOYMENT_TARGET = 10.2;
				MTL_ENABLE_DEBUG_INFO = NO;
				SDKROOT = iphoneos;
				SWIFT_OPTIMIZATION_LEVEL = "-Owholemodule";
				TARGETED_DEVICE_FAMILY = "1,2";
				VALIDATE_PRODUCT = YES;
			};
			name = Release;
		};
		315555AC1E81F532004EF0B9 /* Debug */ = {
			isa = XCBuildConfiguration;
			buildSettings = {
				ASSETCATALOG_COMPILER_APPICON_NAME = AppIcon;
				INFOPLIST_FILE = DPRKView/Info.plist;
				LD_RUNPATH_SEARCH_PATHS = "$(inherited) @executable_path/Frameworks";
				PRODUCT_BUNDLE_IDENTIFIER = com.knucklemedia.DPRKView;
				PRODUCT_NAME = "$(TARGET_NAME)";
				SWIFT_VERSION = 3.0;
			};
			name = Debug;
		};
		315555AD1E81F532004EF0B9 /* Release */ = {
			isa = XCBuildConfiguration;
			buildSettings = {
				ASSETCATALOG_COMPILER_APPICON_NAME = AppIcon;
				INFOPLIST_FILE = DPRKView/Info.plist;
				LD_RUNPATH_SEARCH_PATHS = "$(inherited) @executable_path/Frameworks";
				PRODUCT_BUNDLE_IDENTIFIER = com.knucklemedia.DPRKView;
				PRODUCT_NAME = "$(TARGET_NAME)";
				SWIFT_VERSION = 3.0;
			};
			name = Release;
		};
		315555AF1E81F532004EF0B9 /* Debug */ = {
			isa = XCBuildConfiguration;
			buildSettings = {
				ALWAYS_EMBED_SWIFT_STANDARD_LIBRARIES = YES;
				BUNDLE_LOADER = "$(TEST_HOST)";
				INFOPLIST_FILE = DPRKViewTests/Info.plist;
				LD_RUNPATH_SEARCH_PATHS = "$(inherited) @executable_path/Frameworks @loader_path/Frameworks";
				PRODUCT_BUNDLE_IDENTIFIER = com.knucklemedia.DPRKViewTests;
				PRODUCT_NAME = "$(TARGET_NAME)";
				SWIFT_VERSION = 3.0;
				TEST_HOST = "$(BUILT_PRODUCTS_DIR)/DPRKView.app/DPRKView";
			};
			name = Debug;
		};
		315555B01E81F532004EF0B9 /* Release */ = {
			isa = XCBuildConfiguration;
			buildSettings = {
				ALWAYS_EMBED_SWIFT_STANDARD_LIBRARIES = YES;
				BUNDLE_LOADER = "$(TEST_HOST)";
				INFOPLIST_FILE = DPRKViewTests/Info.plist;
				LD_RUNPATH_SEARCH_PATHS = "$(inherited) @executable_path/Frameworks @loader_path/Frameworks";
				PRODUCT_BUNDLE_IDENTIFIER = com.knucklemedia.DPRKViewTests;
				PRODUCT_NAME = "$(TARGET_NAME)";
				SWIFT_VERSION = 3.0;
				TEST_HOST = "$(BUILT_PRODUCTS_DIR)/DPRKView.app/DPRKView";
			};
			name = Release;
		};
		315555B21E81F532004EF0B9 /* Debug */ = {
			isa = XCBuildConfiguration;
			buildSettings = {
				ALWAYS_EMBED_SWIFT_STANDARD_LIBRARIES = YES;
				INFOPLIST_FILE = DPRKViewUITests/Info.plist;
				LD_RUNPATH_SEARCH_PATHS = "$(inherited) @executable_path/Frameworks @loader_path/Frameworks";
				PRODUCT_BUNDLE_IDENTIFIER = com.knucklemedia.DPRKViewUITests;
				PRODUCT_NAME = "$(TARGET_NAME)";
				SWIFT_VERSION = 3.0;
				TEST_TARGET_NAME = DPRKView;
			};
			name = Debug;
		};
		315555B31E81F532004EF0B9 /* Release */ = {
			isa = XCBuildConfiguration;
			buildSettings = {
				ALWAYS_EMBED_SWIFT_STANDARD_LIBRARIES = YES;
				INFOPLIST_FILE = DPRKViewUITests/Info.plist;
				LD_RUNPATH_SEARCH_PATHS = "$(inherited) @executable_path/Frameworks @loader_path/Frameworks";
				PRODUCT_BUNDLE_IDENTIFIER = com.knucklemedia.DPRKViewUITests;
				PRODUCT_NAME = "$(TARGET_NAME)";
				SWIFT_VERSION = 3.0;
				TEST_TARGET_NAME = DPRKView;
			};
			name = Release;
		};
/* End XCBuildConfiguration section */

/* Begin XCConfigurationList section */
		3155557E1E81F531004EF0B9 /* Build configuration list for PBXProject "DPRKView" */ = {
			isa = XCConfigurationList;
			buildConfigurations = (
				315555A91E81F532004EF0B9 /* Debug */,
				315555AA1E81F532004EF0B9 /* Release */,
			);
			defaultConfigurationIsVisible = 0;
			defaultConfigurationName = Release;
		};
		315555AB1E81F532004EF0B9 /* Build configuration list for PBXNativeTarget "DPRKView" */ = {
			isa = XCConfigurationList;
			buildConfigurations = (
				315555AC1E81F532004EF0B9 /* Debug */,
				315555AD1E81F532004EF0B9 /* Release */,
			);
			defaultConfigurationIsVisible = 0;
		};
		315555AE1E81F532004EF0B9 /* Build configuration list for PBXNativeTarget "DPRKViewTests" */ = {
			isa = XCConfigurationList;
			buildConfigurations = (
				315555AF1E81F532004EF0B9 /* Debug */,
				315555B01E81F532004EF0B9 /* Release */,
			);
			defaultConfigurationIsVisible = 0;
		};
		315555B11E81F532004EF0B9 /* Build configuration list for PBXNativeTarget "DPRKViewUITests" */ = {
			isa = XCConfigurationList;
			buildConfigurations = (
				315555B21E81F532004EF0B9 /* Debug */,
				315555B31E81F532004EF0B9 /* Release */,
			);
			defaultConfigurationIsVisible = 0;
		};
/* End XCConfigurationList section */
	};
	rootObject = 3155557B1E81F531004EF0B9 /* Project object */;
}
